// !$*UTF8*$!
{
	archiveVersion = 1;
	classes = {
	};
	objectVersion = 56;
	objects = {

/* Begin PBXBuildFile section */
		D4A1234567890123456789AB /* PlaylistTimeCalculatorApp.swift in Sources */ = {isa = PBXBuildFile; fileRef = D4A1234567890123456789AA /* PlaylistTimeCalculatorApp.swift */; };
		D4A1234567890123456789AD /* ContentView.swift in Sources */ = {isa = PBXBuildFile; fileRef = D4A1234567890123456789AC /* ContentView.swift */; };
		D4A1234567890123456789AF /* Assets.xcassets in Resources */ = {isa = PBXBuildFile; fileRef = D4A1234567890123456789AE /* Assets.xcassets */; };
		D4A1234567890123456789B2 /* Preview Assets.xcassets in Resources */ = {isa = PBXBuildFile; fileRef = D4A1234567890123456789B1 /* Preview Assets.xcassets */; };
		D4A1234567890123456789B4 /* Song.swift in Sources */ = {isa = PBXBuildFile; fileRef = D4A1234567890123456789B3 /* Song.swift */; };
		D4A1234567890123456789B6 /* TimeCalculator.swift in Sources */ = {isa = PBXBuildFile; fileRef = D4A1234567890123456789B5 /* TimeCalculator.swift */; };
		D4A1234567890123456789B8 /* SpotifyManager.swift in Sources */ = {isa = PBXBuildFile; fileRef = D4A1234567890123456789B7 /* SpotifyManager.swift */; };
		D4A1234567890123456789BA /* PlaylistViewModel.swift in Sources */ = {isa = PBXBuildFile; fileRef = D4A1234567890123456789B9 /* PlaylistViewModel.swift */; };
		D4A1234567890123456789BC /* SongRowView.swift in Sources */ = {isa = PBXBuildFile; fileRef = D4A1234567890123456789BB /* SongRowView.swift */; };
		D4A1234567890123456789BE /* ResultsView.swift in Sources */ = {isa = PBXBuildFile; fileRef = D4A1234567890123456789BD /* ResultsView.swift */; };
		D4A1234567890123456789C0 /* ImportView.swift in Sources */ = {isa = PBXBuildFile; fileRef = D4A1234567890123456789BF /* ImportView.swift */; };
/* End PBXBuildFile section */

/* Begin PBXFileReference section */
		D4A1234567890123456789A7 /* PlaylistTimeCalculator.app */ = {isa = PBXFileReference; explicitFileType = wrapper.application; includeInIndex = 0; path = PlaylistTimeCalculator.app; sourceTree = BUILT_PRODUCTS_DIR; };
		D4A1234567890123456789AA /* PlaylistTimeCalculatorApp.swift */ = {isa = PBXFileReference; lastKnownFileType = sourcecode.swift; path = PlaylistTimeCalculatorApp.swift; sourceTree = "<group>"; };
		D4A1234567890123456789AC /* ContentView.swift */ = {isa = PBXFileReference; lastKnownFileType = sourcecode.swift; path = ContentView.swift; sourceTree = "<group>"; };
		D4A1234567890123456789AE /* Assets.xcassets */ = {isa = PBXFileReference; lastKnownFileType = folder.assetcatalog; path = Assets.xcassets; sourceTree = "<group>"; };
		D4A1234567890123456789B1 /* Preview Assets.xcassets */ = {isa = PBXFileReference; lastKnownFileType = folder.assetcatalog; path = "Preview Assets.xcassets"; sourceTree = "<group>"; };
		D4A1234567890123456789B3 /* Song.swift */ = {isa = PBXFileReference; lastKnownFileType = sourcecode.swift; path = Song.swift; sourceTree = "<group>"; };
		D4A1234567890123456789B5 /* TimeCalculator.swift */ = {isa = PBXFileReference; lastKnownFileType = sourcecode.swift; path = TimeCalculator.swift; sourceTree = "<group>"; };
		D4A1234567890123456789B7 /* SpotifyManager.swift */ = {isa = PBXFileReference; lastKnownFileType = sourcecode.swift; path = SpotifyManager.swift; sourceTree = "<group>"; };
		D4A1234567890123456789B9 /* PlaylistViewModel.swift */ = {isa = PBXFileReference; lastKnownFileType = sourcecode.swift; path = PlaylistViewModel.swift; sourceTree = "<group>"; };
		D4A1234567890123456789BB /* SongRowView.swift */ = {isa = PBXFileReference; lastKnownFileType = sourcecode.swift; path = SongRowView.swift; sourceTree = "<group>"; };
		D4A1234567890123456789BD /* ResultsView.swift */ = {isa = PBXFileReference; lastKnownFileType = sourcecode.swift; path = ResultsView.swift; sourceTree = "<group>"; };
		D4A1234567890123456789BF /* ImportView.swift */ = {isa = PBXFileReference; lastKnownFileType = sourcecode.swift; path = ImportView.swift; sourceTree = "<group>"; };
		D4A1234567890123456789C1 /* Info.plist */ = {isa = PBXFileReference; lastKnownFileType = text.plist.xml; path = Info.plist; sourceTree = "<group>"; };
/* End PBXFileReference section */

/* Begin PBXFrameworksBuildPhase section */
		D4A1234567890123456789A4 /* Frameworks */ = {
			isa = PBXFrameworksBuildPhase;
			buildActionMask = 2147483647;
			files = (
			);
			runOnlyForDeploymentPostprocessing = 0;
		};
/* End PBXFrameworksBuildPhase section */

/* Begin PBXGroup section */
		D4A123456789012345678999 = {
			isa = PBXGroup;
			children = (
				D4A1234567890123456789A9 /* PlaylistTimeCalculator */,
				D4A1234567890123456789A8 /* Products */,
			);
			sourceTree = "<group>";
		};
		D4A1234567890123456789A8 /* Products */ = {
			isa = PBXGroup;
			children = (
				D4A1234567890123456789A7 /* PlaylistTimeCalculator.app */,
			);
			name = Products;
			sourceTree = "<group>";
		};
		D4A1234567890123456789A9 /* PlaylistTimeCalculator */ = {
			isa = PBXGroup;
			children = (
				D4A1234567890123456789C1 /* Info.plist */,
				D4A1234567890123456789AA /* PlaylistTimeCalculatorApp.swift */,
				D4A1234567890123456789AC /* ContentView.swift */,
				D4A1234567890123456789C2 /* Models */,
				D4A1234567890123456789C3 /* ViewModels */,
				D4A1234567890123456789C4 /* Views */,
				D4A1234567890123456789C5 /* Utilities */,
				D4A1234567890123456789C6 /* Managers */,
				D4A1234567890123456789AE /* Assets.xcassets */,
				D4A1234567890123456789B0 /* Preview Content */,
			);
			path = PlaylistTimeCalculator;
			sourceTree = "<group>";
		};
		D4A1234567890123456789B0 /* Preview Content */ = {
			isa = PBXGroup;
			children = (
				D4A1234567890123456789B1 /* Preview Assets.xcassets */,
			);
			path = "Preview Content";
			sourceTree = "<group>";
		};
		D4A1234567890123456789C2 /* Models */ = {
			isa = PBXGroup;
			children = (
				D4A1234567890123456789B3 /* Song.swift */,
			);
			path = Models;
			sourceTree = "<group>";
		};
		D4A1234567890123456789C3 /* ViewModels */ = {
			isa = PBXGroup;
			children = (
				D4A1234567890123456789B9 /* PlaylistViewModel.swift */,
			);
			path = ViewModels;
			sourceTree = "<group>";
		};
		D4A1234567890123456789C4 /* Views */ = {
			isa = PBXGroup;
			children = (
				D4A1234567890123456789BB /* SongRowView.swift */,
				D4A1234567890123456789BD /* ResultsView.swift */,
				D4A1234567890123456789BF /* ImportView.swift */,
			);
			path = Views;
			sourceTree = "<group>";
		};
		D4A1234567890123456789C5 /* Utilities */ = {
			isa = PBXGroup;
			children = (
				D4A1234567890123456789B5 /* TimeCalculator.swift */,
			);
			path = Utilities;
			sourceTree = "<group>";
		};
		D4A1234567890123456789C6 /* Managers */ = {
			isa = PBXGroup;
			children = (
				D4A1234567890123456789B7 /* SpotifyManager.swift */,
			);
			path = Managers;
			sourceTree = "<group>";
		};
/* End PBXGroup section */

/* Begin PBXNativeTarget section */
		D4A1234567890123456789A6 /* PlaylistTimeCalculator */ = {
			isa = PBXNativeTarget;
			buildConfigurationList = D4A1234567890123456789CA /* Build configuration list for PBXNativeTarget "PlaylistTimeCalculator" */;
			buildPhases = (
				D4A1234567890123456789A3 /* Sources */,
				D4A1234567890123456789A4 /* Frameworks */,
				D4A1234567890123456789A5 /* Resources */,
			);
			buildRules = (
			);
			dependencies = (
			);
			name = PlaylistTimeCalculator;
			productName = PlaylistTimeCalculator;
			productReference = D4A1234567890123456789A7 /* PlaylistTimeCalculator.app */;
			productType = "com.apple.product-type.application";
		};
/* End PBXNativeTarget section */

/* Begin PBXProject section */
		D4A123456789012345678995 /* Project object */ = {
			isa = PBXProject;
			attributes = {
				BuildIndependentTargetsInParallel = 1;
				LastSwiftUpdateCheck = 1500;
				LastUpgradeCheck = 1500;
				TargetAttributes = {
					D4A1234567890123456789A6 = {
						CreatedOnToolsVersion = 15.0;
					};
				};
			};
			buildConfigurationList = D4A123456789012345678998 /* Build configuration list for PBXProject "PlaylistTimeCalculator" */;
			compatibilityVersion = "Xcode 14.0";
			developmentRegion = en;
			hasScannedForEncodings = 0;
			knownRegions = (
				en,
				Base,
			);
			mainGroup = D4A123456789012345678999;
			productRefGroup = D4A1234567890123456789A8 /* Products */;
			projectDirPath = "";
			projectRoot = "";
			targets = (
				D4A1234567890123456789A6 /* PlaylistTimeCalculator */,
			);
		};
/* End PBXProject section */

/* Begin PBXResourcesBuildPhase section */
		D4A1234567890123456789A5 /* Resources */ = {
			isa = PBXResourcesBuildPhase;
			buildActionMask = 2147483647;
			files = (
				D4A1234567890123456789B2 /* Preview Assets.xcassets in Resources */,
				D4A1234567890123456789AF /* Assets.xcassets in Resources */,
			);
			runOnlyForDeploymentPostprocessing = 0;
		};
/* End PBXResourcesBuildPhase section */

/* Begin PBXSourcesBuildPhase section */
		D4A1234567890123456789A3 /* Sources */ = {
			isa = PBXSourcesBuildPhase;
			buildActionMask = 2147483647;
			files = (
				D4A1234567890123456789AD /* ContentView.swift in Sources */,
				D4A1234567890123456789B4 /* Song.swift in Sources */,
				D4A1234567890123456789B6 /* TimeCalculator.swift in Sources */,
				D4A1234567890123456789B8 /* SpotifyManager.swift in Sources */,
				D4A1234567890123456789BA /* PlaylistViewModel.swift in Sources */,
				D4A1234567890123456789BC /* SongRowView.swift in Sources */,
				D4A1234567890123456789BE /* ResultsView.swift in Sources */,
				D4A1234567890123456789C0 /* ImportView.swift in Sources */,
				D4A1234567890123456789AB /* PlaylistTimeCalculatorApp.swift in Sources */,
			);
			runOnlyForDeploymentPostprocessing = 0;
		};
/* End PBXSourcesBuildPhase section */

/* Begin XCBuildConfiguration section */
		D4A123456789012345678996 /* Debug */ = {
			isa = XCBuildConfiguration;
			buildSettings = {
				ALWAYS_SEARCH_USER_PATHS = NO;
				ASSETCATALOG_COMPILER_GENERATE_SWIFT_ASSET_SYMBOL_EXTENSIONS = YES;
				CLANG_ANALYZER_NONNULL = YES;
				CLANG_ANALYZER_NUMBER_OBJECT_CONVERSION = YES_AGGRESSIVE;
				CLANG_CXX_LANGUAGE_STANDARD = "gnu++20";
				CLANG_ENABLE_MODULES = YES;
				CLANG_ENABLE_OBJC_ARC = YES;
				CLANG_ENABLE_OBJC_WEAK = YES;
				CLANG_WARN_BLOCK_CAPTURE_AUTORELEASING = YES;
				CLANG_WARN_BOOL_CONVERSION = YES;
				CLANG_WARN_COMMA = YES;
				CLANG_WARN_CONSTANT_CONVERSION = YES;
				CLANG_WARN_DEPRECATED_OBJC_IMPLEMENTATIONS = YES;
				CLANG_WARN_DIRECT_OBJC_ISA_USAGE = YES_ERROR;
				CLANG_WARN_DOCUMENTATION_COMMENTS = YES;
				CLANG_WARN_EMPTY_BODY = YES;
				CLANG_WARN_ENUM_CONVERSION = YES;
				CLANG_WARN_INFINITE_RECURSION = YES;
				CLANG_WARN_INT_CONVERSION = YES;
				CLANG_WARN_NON_LITERAL_NULL_CONVERSION = YES;
				CLANG_WARN_OBJC_IMPLICIT_RETAIN_SELF = YES;
				CLANG_WARN_OBJC_LITERAL_CONVERSION = YES;
				CLANG_WARN_OBJC_ROOT_CLASS = YES_ERROR;
				CLANG_WARN_QUOTED_INCLUDE_IN_FRAMEWORK_HEADER = YES;
				CLANG_WARN_RANGE_LOOP_ANALYSIS = YES;
				CLANG_WARN_STRICT_PROTOTYPES = YES;
				CLANG_WARN_SUSPICIOUS_MOVE = YES;
				CLANG_WARN_UNGUARDED_AVAILABILITY = YES_AGGRESSIVE;
				CLANG_WARN_UNREACHABLE_CODE = YES;
				CLANG_WARN__DUPLICATE_METHOD_MATCH = YES;
				COPY_PHASE_STRIP = NO;
				DEBUG_INFORMATION_FORMAT = dwarf;
				ENABLE_STRICT_OBJC_MSGSEND = YES;
				ENABLE_TESTABILITY = YES;
				ENABLE_USER_SCRIPT_SANDBOXING = YES;
				GCC_C_LANGUAGE_STANDARD = gnu17;
				GCC_DYNAMIC_NO_PIC = NO;
				GCC_NO_COMMON_BLOCKS = YES;
				GCC_OPTIMIZATION_LEVEL = 0;
				GCC_PREPROCESSOR_DEFINITIONS = (
					"DEBUG=1",
					"$(inherited)",
				);
				GCC_WARN_64_TO_32_BIT_CONVERSION = YES;
				GCC_WARN_ABOUT_RETURN_TYPE = YES_ERROR;
				GCC_WARN_UNDECLARED_SELECTOR = YES;
				GCC_WARN_UNINITIALIZED_AUTOS = YES_AGGRESSIVE;
				GCC_WARN_UNUSED_FUNCTION = YES;
				GCC_WARN_UNUSED_VARIABLE = YES;
				IPHONEOS_DEPLOYMENT_TARGET = 16.0;
				LOCALIZATION_PREFERS_STRING_CATALOGS = YES;
				MTL_ENABLE_DEBUG_INFO = INCLUDE_SOURCE;
				MTL_FAST_MATH = YES;
				ONLY_ACTIVE_ARCH = YES;
				SDKROOT = iphoneos;
				SWIFT_ACTIVE_COMPILATION_CONDITIONS = "DEBUG $(inherited)";
				SWIFT_OPTIMIZATION_LEVEL = "-Onone";
			};
			name = Debug;
		};
		D4A123456789012345678997 /* Release */ = {
			isa = XCBuildConfiguration;
			buildSettings = {
				ALWAYS_SEARCH_USER_PATHS = NO;
				ASSETCATALOG_COMPILER_GENERATE_SWIFT_ASSET_SYMBOL_EXTENSIONS = YES;
				CLANG_ANALYZER_NONNULL = YES;
				CLANG_ANALYZER_NUMBER_OBJECT_CONVERSION = YES_AGGRESSIVE;
				CLANG_CXX_LANGUAGE_STANDARD = "gnu++20";
				CLANG_ENABLE_MODULES = YES;
				CLANG_ENABLE_OBJC_ARC = YES;
				CLANG_ENABLE_OBJC_WEAK = YES;
				CLANG_WARN_BLOCK_CAPTURE_AUTORELEASING = YES;
				CLANG_WARN_BOOL_CONVERSION = YES;
				CLANG_WARN_COMMA = YES;
				CLANG_WARN_CONSTANT_CONVERSION = YES;
				CLANG_WARN_DEPRECATED_OBJC_IMPLEMENTATIONS = YES;
				CLANG_WARN_DIRECT_OBJC_ISA_USAGE = YES_ERROR;
				CLANG_WARN_DOCUMENTATION_COMMENTS = YES;
				CLANG_WARN_EMPTY_BODY = YES;
				CLANG_WARN_ENUM_CONVERSION = YES;
				CLANG_WARN_INFINITE_RECURSION = YES;
				CLANG_WARN_INT_CONVERSION = YES;
				CLANG_WARN_NON_LITERAL_NULL_CONVERSION = YES;
				CLANG_WARN_OBJC_IMPLICIT_RETAIN_SELF = YES;
				CLANG_WARN_OBJC_LITERAL_CONVERSION = YES;
				CLANG_WARN_OBJC_ROOT_CLASS = YES_ERROR;
				CLANG_WARN_QUOTED_INCLUDE_IN_FRAMEWORK_HEADER = YES;
				CLANG_WARN_RANGE_LOOP_ANALYSIS = YES;
				CLANG_WARN_STRICT_PROTOTYPES = YES;
				CLANG_WARN_SUSPICIOUS_MOVE = YES;
				CLANG_WARN_UNGUARDED_AVAILABILITY = YES_AGGRESSIVE;
				CLANG_WARN_UNREACHABLE_CODE = YES;
				CLANG_WARN__DUPLICATE_METHOD_MATCH = YES;
				COPY_PHASE_STRIP = NO;
				DEBUG_INFORMATION_FORMAT = "dwarf-with-dsym";
				ENABLE_NS_ASSERTIONS = NO;
				ENABLE_STRICT_OBJC_MSGSEND = YES;
				ENABLE_USER_SCRIPT_SANDBOXING = YES;
				GCC_C_LANGUAGE_STANDARD = gnu17;
				GCC_NO_COMMON_BLOCKS = YES;
				GCC_WARN_64_TO_32_BIT_CONVERSION = YES;
				GCC_WARN_ABOUT_RETURN_TYPE = YES_ERROR;
				GCC_WARN_UNDECLARED_SELECTOR = YES;
				GCC_WARN_UNINITIALIZED_AUTOS = YES_AGGRESSIVE;
				GCC_WARN_UNUSED_FUNCTION = YES;
				GCC_WARN_UNUSED_VARIABLE = YES;
				IPHONEOS_DEPLOYMENT_TARGET = 16.0;
				LOCALIZATION_PREFERS_STRING_CATALOGS = YES;
				MTL_ENABLE_DEBUG_INFO = NO;
				MTL_FAST_MATH = YES;
				SDKROOT = iphoneos;
				SWIFT_COMPILATION_MODE = wholemodule;
				VALIDATE_PRODUCT = YES;
			};
			name = Release;
		};
		D4A123456789012345678999 /* Debug */ = {
			isa = XCBuildConfiguration;
			buildSettings = {
				ASSETCATALOG_COMPILER_APPICON_NAME = AppIcon;
				ASSETCATALOG_COMPILER_GLOBAL_ACCENT_COLOR = AccentColor;
				CODE_SIGN_STYLE = Automatic;
				CURRENT_PROJECT_VERSION = 1;
				DEVELOPMENT_ASSET_PATHS = "\"PlaylistTimeCalculator/Preview Content\"";
				DEVELOPMENT_TEAM = "";
				ENABLE_PREVIEWS = YES;
				GENERATE_INFOPLIST_FILE = NO;
				INFOPLIST_FILE = PlaylistTimeCalculator/Info.plist;
				INFOPLIST_KEY_CFBundleDisplayName = "Playlist Timer";
				INFOPLIST_KEY_LSApplicationCategoryType = "public.app-category.music";
				INFOPLIST_KEY_UIApplicationSceneManifest_Generation = YES;
				INFOPLIST_KEY_UIApplicationSupportsIndirectInputEvents = YES;
				INFOPLIST_KEY_UILaunchScreen_Generation = YES;
				INFOPLIST_KEY_UIRequiredDeviceCapabilities = armv7;
				INFOPLIST_KEY_UISupportedInterfaceOrientations = "UIInterfaceOrientationPortrait UIInterfaceOrientationPortraitUpsideDown";
				INFOPLIST_KEY_UISupportedInterfaceOrientations_iPad = "UIInterfaceOrientationLandscapeLeft UIInterfaceOrientationLandscapeRight UIInterfaceOrientationPortrait UIInterfaceOrientationPortraitUpsideDown";
				IPHONEOS_DEPLOYMENT_TARGET = 16.0;
				LD_RUNPATH_SEARCH_PATHS = (
					"$(inherited)",
					"@executable_path/Frameworks",
				);
				MARKETING_VERSION = 1.0;
				PRODUCT_BUNDLE_IDENTIFIER = com.yourcompany.PlaylistTimeCalculator;
				PRODUCT_NAME = "$(TARGET_NAME)";
				SUPPORTED_PLATFORMS = "iphoneos iphonesimulator";
				SUPPORTS_MACCATALYST = NO;
				SUPPORTS_MAC_DESIGNED_FOR_IPHONE_IPAD = NO;
				SWIFT_EMIT_LOC_STRINGS = YES;
				SWIFT_VERSION = 5.0;
				TARGETED_DEVICE_FAMILY = "1,2";
			};
			name = Debug;
		};
		D4A123456789012345678999A /* Release */ = {
			isa = XCBuildConfiguration;
			buildSettings = {
				ASSETCATALOG_COMPILER_APPICON_NAME = AppIcon;
				ASSETCATALOG_COMPILER_GLOBAL_ACCENT_COLOR = AccentColor;
				CODE_SIGN_STYLE = Automatic;
				CURRENT_PROJECT_VERSION = 1;
				DEVELOPMENT_ASSET_PATHS = "\"PlaylistTimeCalculator/Preview Content\"";
				DEVELOPMENT_TEAM = "";
				ENABLE_PREVIEWS = YES;
				GENERATE_INFOPLIST_FILE = NO;
				INFOPLIST_FILE = PlaylistTimeCalculator/Info.plist;
				INFOPLIST_KEY_CFBundleDisplayName = "Playlist Timer";
				INFOPLIST_KEY_LSApplicationCategoryType = "public.app-category.music";
				INFOPLIST_KEY_UIApplicationSceneManifest_Generation = YES;
				INFOPLIST_KEY_UIApplicationSupportsIndirectInputEvents = YES;
				INFOPLIST_KEY_UILaunchScreen_Generation = YES;
				INFOPLIST_KEY_UIRequiredDeviceCapabilities = armv7;
				INFOPLIST_KEY_UISupportedInterfaceOrientations = "UIInterfaceOrientationPortrait UIInterfaceOrientationPortraitUpsideDown";
				INFOPLIST_KEY_UISupportedInterfaceOrientations_iPad = "UIInterfaceOrientationLandscapeLeft UIInterfaceOrientationLandscapeRight UIInterfaceOrientationPortrait UIInterfaceOrientationPortraitUpsideDown";
				IPHONEOS_DEPLOYMENT_TARGET = 16.0;
				LD_RUNPATH_SEARCH_PATHS = (
					"$(inherited)",
					"@executable_path/Frameworks",
				);
				MARKETING_VERSION = 1.0;
				PRODUCT_BUNDLE_IDENTIFIER = com.yourcompany.PlaylistTimeCalculator;
				PRODUCT_NAME = "$(TARGET_NAME)";
				SUPPORTED_PLATFORMS = "iphoneos iphonesimulator";
				SUPPORTS_MACCATALYST = NO;
				SUPPORTS_MAC_DESIGNED_FOR_IPHONE_IPAD = NO;
				SWIFT_EMIT_LOC_STRINGS = YES;
				SWIFT_VERSION = 5.0;
				TARGETED_DEVICE_FAMILY = "1,2";
			};
			name = Release;
		};
/* End XCBuildConfiguration section */

/* Begin XCConfigurationList section */
		D4A123456789012345678998 /* Build configuration list for PBXProject "PlaylistTimeCalculator" */ = {
			isa = XCConfigurationList;
			buildConfigurations = (
				D4A123456789012345678996 /* Debug */,
				D4A123456789012345678997 /* Release */,
			);
			defaultConfigurationIsVisible = 0;
			defaultConfigurationName = Release;
		};
		D4A1234567890123456789CA /* Build configuration list for PBXNativeTarget "PlaylistTimeCalculator" */ = {
			isa = XCConfigurationList;
			buildConfigurations = (
				D4A123456789012345678999 /* Debug */,
				D4A123456789012345678999A /* Release */,
			);
			defaultConfigurationIsVisible = 0;
			defaultConfigurationName = Release;
		};
/* End XCConfigurationList section */
	};
	rootObject = D4A123456789012345678995 /* Project object */;
}